
Microsoft Visual Studio Solution File, Format Version 12.00
# Visual Studio Version 17
VisualStudioVersion = 17.8.34511.84
MinimumVisualStudioVersion = 10.0.40219.1
Project("{8BC9CEB8-8B4A-11D0-8D11-00A0C91BC942}") = "Strategy", "Strategy\Strategy.vcxproj", "{8237CB6F-B406-4BDA-ADE3-7861EEABB8A2}"
EndProject
Global
	GlobalSection(SolutionConfigurationPlatforms) = preSolution
		Debug|x64 = Debug|x64
		Debug|x86 = Debug|x86
		Release|x64 = Release|x64
		Release|x86 = Release|x86
	EndGlobalSection
	GlobalSection(ProjectConfigurationPlatforms) = postSolution
		{8237CB6F-B406-4BDA-ADE3-7861EEABB8A2}.Debug|x64.ActiveCfg = Debug|x64
		{8237CB6F-B406-4BDA-ADE3-7861EEABB8A2}.Debug|x64.Build.0 = Debug|x64
		{8237CB6F-B406-4BDA-ADE3-7861EEABB8A2}.Debug|x86.ActiveCfg = Debug|Win32
		{8237CB6F-B406-4BDA-ADE3-7861EEABB8A2}.Debug|x86.Build.0 = Debug|Win32
		{8237CB6F-B406-4BDA-ADE3-7861EEABB8A2}.Release|x64.ActiveCfg = Release|x64
		{8237CB6F-B406-4BDA-ADE3-7861EEABB8A2}.Release|x64.Build.0 = Release|x64
		{8237CB6F-B406-4BDA-ADE3-7861EEABB8A2}.Release|x86.ActiveCfg = Release|Win32
		{8237CB6F-B406-4BDA-ADE3-7861EEABB8A2}.Release|x86.Build.0 = Release|Win32
	EndGlobalSection
	GlobalSection(SolutionProperties) = preSolution
		HideSolutionNode = FALSE
	EndGlobalSection
	GlobalSection(ExtensibilityGlobals) = postSolution
		SolutionGuid = {63669A6D-A3FA-4386-B837-4A701C1ED425}
	EndGlobalSection
EndGlobal
